
Microsoft Visual Studio Solution File, Format Version 12.00
# Visual Studio Version 17
VisualStudioVersion = 17.0.31903.59
MinimumVisualStudioVersion = 10.0.40219.1
Project("{9A19103F-16F7-4668-BE54-9A1E7A4F7556}") = "03.BinarySearchVsLinearSearch", "src\Dotnet\03.BinarySearchVsLinearSearch\03.BinarySearchVsLinearSearch.csproj", "{7FEB7ED1-896D-4670-9EF1-45442CA55A8F}"
EndProject
Project("{9A19103F-16F7-4668-BE54-9A1E7A4F7556}") = "01.Demo", "src\Dotnet\01.Demo\01.Demo.csproj", "{CC8F5BA3-237F-4F37-97EB-4B248AD96C28}"
EndProject
Project("{9A19103F-16F7-4668-BE54-9A1E7A4F7556}") = "04.StringExample", "src\Dotnet\04.StringExample\04.StringExample.csproj", "{3A492FB7-8F00-4ADF-B950-53AE5297E162}"
EndProject
Project("{9A19103F-16F7-4668-BE54-9A1E7A4F7556}") = "05.GenericImplementation", "src\Dotnet\05.GenericImplementation\05.GenericImplementation.csproj", "{2DA734A8-639A-4A83-82FE-B06DD5415A9A}"
EndProject
Project("{9A19103F-16F7-4668-BE54-9A1E7A4F7556}") = "02.Recursive", "src\Dotnet\02.Recursive\02.Recursive.csproj", "{6698DD4E-51B2-41AB-B08F-667CCC99E0C6}"
EndProject
Global
	GlobalSection(SolutionConfigurationPlatforms) = preSolution
		Debug|Any CPU = Debug|Any CPU
		Release|Any CPU = Release|Any CPU
	EndGlobalSection
	GlobalSection(ProjectConfigurationPlatforms) = postSolution
		{7FEB7ED1-896D-4670-9EF1-45442CA55A8F}.Debug|Any CPU.ActiveCfg = Debug|Any CPU
		{7FEB7ED1-896D-4670-9EF1-45442CA55A8F}.Debug|Any CPU.Build.0 = Debug|Any CPU
		{7FEB7ED1-896D-4670-9EF1-45442CA55A8F}.Release|Any CPU.ActiveCfg = Release|Any CPU
		{7FEB7ED1-896D-4670-9EF1-45442CA55A8F}.Release|Any CPU.Build.0 = Release|Any CPU
		{CC8F5BA3-237F-4F37-97EB-4B248AD96C28}.Debug|Any CPU.ActiveCfg = Debug|Any CPU
		{CC8F5BA3-237F-4F37-97EB-4B248AD96C28}.Debug|Any CPU.Build.0 = Debug|Any CPU
		{CC8F5BA3-237F-4F37-97EB-4B248AD96C28}.Release|Any CPU.ActiveCfg = Release|Any CPU
		{CC8F5BA3-237F-4F37-97EB-4B248AD96C28}.Release|Any CPU.Build.0 = Release|Any CPU
		{3A492FB7-8F00-4ADF-B950-53AE5297E162}.Debug|Any CPU.ActiveCfg = Debug|Any CPU
		{3A492FB7-8F00-4ADF-B950-53AE5297E162}.Debug|Any CPU.Build.0 = Debug|Any CPU
		{3A492FB7-8F00-4ADF-B950-53AE5297E162}.Release|Any CPU.ActiveCfg = Release|Any CPU
		{3A492FB7-8F00-4ADF-B950-53AE5297E162}.Release|Any CPU.Build.0 = Release|Any CPU
		{2DA734A8-639A-4A83-82FE-B06DD5415A9A}.Debug|Any CPU.ActiveCfg = Debug|Any CPU
		{2DA734A8-639A-4A83-82FE-B06DD5415A9A}.Debug|Any CPU.Build.0 = Debug|Any CPU
		{2DA734A8-639A-4A83-82FE-B06DD5415A9A}.Release|Any CPU.ActiveCfg = Release|Any CPU
		{2DA734A8-639A-4A83-82FE-B06DD5415A9A}.Release|Any CPU.Build.0 = Release|Any CPU
		{6698DD4E-51B2-41AB-B08F-667CCC99E0C6}.Debug|Any CPU.ActiveCfg = Debug|Any CPU
		{6698DD4E-51B2-41AB-B08F-667CCC99E0C6}.Debug|Any CPU.Build.0 = Debug|Any CPU
		{6698DD4E-51B2-41AB-B08F-667CCC99E0C6}.Release|Any CPU.ActiveCfg = Release|Any CPU
		{6698DD4E-51B2-41AB-B08F-667CCC99E0C6}.Release|Any CPU.Build.0 = Release|Any CPU
	EndGlobalSection
	GlobalSection(SolutionProperties) = preSolution
		HideSolutionNode = FALSE
	EndGlobalSection
	GlobalSection(ExtensibilityGlobals) = postSolution
		SolutionGuid = {9997916F-1CA7-4F42-AAD2-4B9F0477CD0C}
	EndGlobalSection
EndGlobal
